
Microsoft Visual Studio Solution File, Format Version 12.00
# Visual Studio Version 16
VisualStudioVersion = 16.0.29215.179
MinimumVisualStudioVersion = 10.0.40219.1
Project("{FAE04EC0-301F-11D3-BF4B-00C04F79EFBC}") = "MVC Demo Image", "MVC Demo Image\MVC Demo Image.csproj", "{19FEA317-C732-4C69-9DDE-AE3B3F3E8B1B}"
EndProject
Global
	GlobalSection(SolutionConfigurationPlatforms) = preSolution
		Debug|Any CPU = Debug|Any CPU
		Release|Any CPU = Release|Any CPU
	EndGlobalSection
	GlobalSection(ProjectConfigurationPlatforms) = postSolution
		{19FEA317-C732-4C69-9DDE-AE3B3F3E8B1B}.Debug|Any CPU.ActiveCfg = Debug|Any CPU
		{19FEA317-C732-4C69-9DDE-AE3B3F3E8B1B}.Debug|Any CPU.Build.0 = Debug|Any CPU
		{19FEA317-C732-4C69-9DDE-AE3B3F3E8B1B}.Release|Any CPU.ActiveCfg = Release|Any CPU
		{19FEA317-C732-4C69-9DDE-AE3B3F3E8B1B}.Release|Any CPU.Build.0 = Release|Any CPU
	EndGlobalSection
	GlobalSection(SolutionProperties) = preSolution
		HideSolutionNode = FALSE
	EndGlobalSection
	GlobalSection(ExtensibilityGlobals) = postSolution
		SolutionGuid = {9B3BFCD9-D747-46B4-920E-AFFEE6FFB21B}
	EndGlobalSection
EndGlobal
